
Microsoft Visual Studio Solution File, Format Version 12.00
# Visual Studio Version 17
VisualStudioVersion = 17.6.33723.286
MinimumVisualStudioVersion = 10.0.40219.1
Project("{FAE04EC0-301F-11D3-BF4B-00C04F79EFBC}") = "DOTRModder", "DOTRModder\DOTRModder.csproj", "{96457C71-33C7-40E1-87A9-E03E69C17AC3}"
EndProject
Global
	GlobalSection(SolutionConfigurationPlatforms) = preSolution
		Debug|Any CPU = Debug|Any CPU
		Release|Any CPU = Release|Any CPU
	EndGlobalSection
	GlobalSection(ProjectConfigurationPlatforms) = postSolution
		{96457C71-33C7-40E1-87A9-E03E69C17AC3}.Debug|Any CPU.ActiveCfg = Debug|Any CPU
		{96457C71-33C7-40E1-87A9-E03E69C17AC3}.Debug|Any CPU.Build.0 = Debug|Any CPU
		{96457C71-33C7-40E1-87A9-E03E69C17AC3}.Release|Any CPU.ActiveCfg = Release|Any CPU
		{96457C71-33C7-40E1-87A9-E03E69C17AC3}.Release|Any CPU.Build.0 = Release|Any CPU
	EndGlobalSection
	GlobalSection(SolutionProperties) = preSolution
		HideSolutionNode = FALSE
	EndGlobalSection
	GlobalSection(ExtensibilityGlobals) = postSolution
		SolutionGuid = {A804E229-230F-44CB-9703-29D7CF29C35F}
	EndGlobalSection
EndGlobal
